
Microsoft Visual Studio Solution File, Format Version 12.00
# Visual Studio Version 17
VisualStudioVersion = 17.6.33829.357
MinimumVisualStudioVersion = 10.0.40219.1
Project("{FAE04EC0-301F-11D3-BF4B-00C04F79EFBC}") = "WeaklyCookingAPI", "WeaklyCookingAPI\WeaklyCookingAPI.csproj", "{455A516E-9B51-495D-82A5-65CC8E329A26}"
EndProject
Global
	GlobalSection(SolutionConfigurationPlatforms) = preSolution
		Debug|Any CPU = Debug|Any CPU
		Release|Any CPU = Release|Any CPU
	EndGlobalSection
	GlobalSection(ProjectConfigurationPlatforms) = postSolution
		{455A516E-9B51-495D-82A5-65CC8E329A26}.Debug|Any CPU.ActiveCfg = Debug|Any CPU
		{455A516E-9B51-495D-82A5-65CC8E329A26}.Debug|Any CPU.Build.0 = Debug|Any CPU
		{455A516E-9B51-495D-82A5-65CC8E329A26}.Release|Any CPU.ActiveCfg = Release|Any CPU
		{455A516E-9B51-495D-82A5-65CC8E329A26}.Release|Any CPU.Build.0 = Release|Any CPU
	EndGlobalSection
	GlobalSection(SolutionProperties) = preSolution
		HideSolutionNode = FALSE
	EndGlobalSection
	GlobalSection(ExtensibilityGlobals) = postSolution
		SolutionGuid = {B707D328-8123-441B-B771-4E326612E66E}
	EndGlobalSection
EndGlobal
